// !$*UTF8*$!
{
	archiveVersion = 1;
	classes = {
	};
	objectVersion = 77;
	objects = {

/* Begin PBXBuildFile section */
		21C8A117082EA99C93EF0B95 /* Assets.xcassets in Resources */ = {isa = PBXBuildFile; fileRef = A168F9066BD19E9EF0D3C100 /* Assets.xcassets */; };
		3AFAB57B3A5E8783A7F1FA00 /* UpdateChecker.swift in Sources */ = {isa = PBXBuildFile; fileRef = A25E6F1EC060DD90B4B9F02F /* UpdateChecker.swift */; };
		4979D27221AC631DD9EA6E5E /* WireHackApp.swift in Sources */ = {isa = PBXBuildFile; fileRef = 5A4D0841C116B8C5F6E75A5D /* WireHackApp.swift */; };
		72328692954E27E7B967374E /* ContentView.swift in Sources */ = {isa = PBXBuildFile; fileRef = 9C12A955BBE1205422A6514B /* ContentView.swift */; };
		9036FD33842B6CB550CE76CE /* ContentViewModel.swift in Sources */ = {isa = PBXBuildFile; fileRef = 415ACA1B400999C01E28C512 /* ContentViewModel.swift */; };
		DD947EF55903C0B93EED6388 /* YTDLPService.swift in Sources */ = {isa = PBXBuildFile; fileRef = C1E44F29148EA392A80D1437 /* YTDLPService.swift */; };
/* End PBXBuildFile section */

/* Begin PBXFileReference section */
		27B4397D34B8B9E57349BA34 /* WireHack.entitlements */ = {isa = PBXFileReference; lastKnownFileType = text.plist.entitlements; path = WireHack.entitlements; sourceTree = "<group>"; };
		415ACA1B400999C01E28C512 /* ContentViewModel.swift */ = {isa = PBXFileReference; lastKnownFileType = sourcecode.swift; path = ContentViewModel.swift; sourceTree = "<group>"; };
		5A4D0841C116B8C5F6E75A5D /* WireHackApp.swift */ = {isa = PBXFileReference; lastKnownFileType = sourcecode.swift; path = WireHackApp.swift; sourceTree = "<group>"; };
		9C12A955BBE1205422A6514B /* ContentView.swift */ = {isa = PBXFileReference; lastKnownFileType = sourcecode.swift; path = ContentView.swift; sourceTree = "<group>"; };
		A168F9066BD19E9EF0D3C100 /* Assets.xcassets */ = {isa = PBXFileReference; lastKnownFileType = folder.assetcatalog; path = Assets.xcassets; sourceTree = "<group>"; };
		A25E6F1EC060DD90B4B9F02F /* UpdateChecker.swift */ = {isa = PBXFileReference; lastKnownFileType = sourcecode.swift; path = UpdateChecker.swift; sourceTree = "<group>"; };
		B3E2D51BD2D1B6822652609E /* WireHack.app */ = {isa = PBXFileReference; explicitFileType = wrapper.application; includeInIndex = 0; path = WireHack.app; sourceTree = BUILT_PRODUCTS_DIR; };
		C1E44F29148EA392A80D1437 /* YTDLPService.swift */ = {isa = PBXFileReference; lastKnownFileType = sourcecode.swift; path = YTDLPService.swift; sourceTree = "<group>"; };
		E068E72C57DA0C42A538E47A /* Info.plist */ = {isa = PBXFileReference; lastKnownFileType = text.plist; path = Info.plist; sourceTree = "<group>"; };
/* End PBXFileReference section */

/* Begin PBXGroup section */
		2FA141702155934F63830EB1 /* Products */ = {
			isa = PBXGroup;
			children = (
				B3E2D51BD2D1B6822652609E /* WireHack.app */,
			);
			name = Products;
			sourceTree = "<group>";
		};
		A9B14A54463BE5D28A295764 /* WireHack */ = {
			isa = PBXGroup;
			children = (
				A168F9066BD19E9EF0D3C100 /* Assets.xcassets */,
				9C12A955BBE1205422A6514B /* ContentView.swift */,
				415ACA1B400999C01E28C512 /* ContentViewModel.swift */,
				E068E72C57DA0C42A538E47A /* Info.plist */,
				27B4397D34B8B9E57349BA34 /* WireHack.entitlements */,
				5A4D0841C116B8C5F6E75A5D /* WireHackApp.swift */,
				C1E44F29148EA392A80D1437 /* YTDLPService.swift */,
				AAE5239E608D452A7CB635B4 /* Services */,
			);
			path = WireHack;
			sourceTree = "<group>";
		};
		AAE5239E608D452A7CB635B4 /* Services */ = {
			isa = PBXGroup;
			children = (
				A25E6F1EC060DD90B4B9F02F /* UpdateChecker.swift */,
			);
			path = Services;
			sourceTree = "<group>";
		};
		D94FFAAB16F5FFF7C894A3E4 = {
			isa = PBXGroup;
			children = (
				A9B14A54463BE5D28A295764 /* WireHack */,
				2FA141702155934F63830EB1 /* Products */,
			);
			sourceTree = "<group>";
		};
/* End PBXGroup section */

/* Begin PBXNativeTarget section */
		4EB045241242D44589A2A15C /* WireHack */ = {
			isa = PBXNativeTarget;
			buildConfigurationList = AEE433A6D9995D655CE2ACFF /* Build configuration list for PBXNativeTarget "WireHack" */;
			buildPhases = (
				9AFD773AB3FD67F32A26DF98 /* Sources */,
				BAC4CB5F5FCC5D30DB8C7010 /* Resources */,
			);
			buildRules = (
			);
			dependencies = (
			);
			name = WireHack;
			packageProductDependencies = (
			);
			productName = WireHack;
			productReference = B3E2D51BD2D1B6822652609E /* WireHack.app */;
			productType = "com.apple.product-type.application";
		};
/* End PBXNativeTarget section */

/* Begin PBXProject section */
		EB173EF6C7A8428E1C78D364 /* Project object */ = {
			isa = PBXProject;
			attributes = {
				BuildIndependentTargetsInParallel = YES;
				LastUpgradeCheck = 1430;
				TargetAttributes = {
					4EB045241242D44589A2A15C = {
						ProvisioningStyle = Automatic;
					};
				};
			};
			buildConfigurationList = E2C20808CA126B7625523B23 /* Build configuration list for PBXProject "WireHack" */;
			developmentRegion = en;
			hasScannedForEncodings = 0;
			knownRegions = (
				Base,
				en,
			);
			mainGroup = D94FFAAB16F5FFF7C894A3E4;
			minimizedProjectReferenceProxies = 1;
			preferredProjectObjectVersion = 77;
			productRefGroup = 2FA141702155934F63830EB1 /* Products */;
			projectDirPath = "";
			projectRoot = "";
			targets = (
				4EB045241242D44589A2A15C /* WireHack */,
			);
		};
/* End PBXProject section */

/* Begin PBXResourcesBuildPhase section */
		BAC4CB5F5FCC5D30DB8C7010 /* Resources */ = {
			isa = PBXResourcesBuildPhase;
			buildActionMask = 2147483647;
			files = (
				21C8A117082EA99C93EF0B95 /* Assets.xcassets in Resources */,
			);
			runOnlyForDeploymentPostprocessing = 0;
		};
/* End PBXResourcesBuildPhase section */

/* Begin PBXSourcesBuildPhase section */
		9AFD773AB3FD67F32A26DF98 /* Sources */ = {
			isa = PBXSourcesBuildPhase;
			buildActionMask = 2147483647;
			files = (
				72328692954E27E7B967374E /* ContentView.swift in Sources */,
				9036FD33842B6CB550CE76CE /* ContentViewModel.swift in Sources */,
				3AFAB57B3A5E8783A7F1FA00 /* UpdateChecker.swift in Sources */,
				4979D27221AC631DD9EA6E5E /* WireHackApp.swift in Sources */,
				DD947EF55903C0B93EED6388 /* YTDLPService.swift in Sources */,
			);
			runOnlyForDeploymentPostprocessing = 0;
		};
/* End PBXSourcesBuildPhase section */

/* Begin XCBuildConfiguration section */
		18433A47EAB48CA496BFDB17 /* Release */ = {
			isa = XCBuildConfiguration;
			buildSettings = {
				ALWAYS_SEARCH_USER_PATHS = NO;
				CLANG_ANALYZER_NONNULL = YES;
				CLANG_ANALYZER_NUMBER_OBJECT_CONVERSION = YES_AGGRESSIVE;
				CLANG_CXX_LANGUAGE_STANDARD = "gnu++14";
				CLANG_CXX_LIBRARY = "libc++";
				CLANG_ENABLE_MODULES = YES;
				CLANG_ENABLE_OBJC_ARC = YES;
				CLANG_ENABLE_OBJC_WEAK = YES;
				CLANG_WARN_BLOCK_CAPTURE_AUTORELEASING = YES;
				CLANG_WARN_BOOL_CONVERSION = YES;
				CLANG_WARN_COMMA = YES;
				CLANG_WARN_CONSTANT_CONVERSION = YES;
				CLANG_WARN_DEPRECATED_OBJC_IMPLEMENTATIONS = YES;
				CLANG_WARN_DIRECT_OBJC_ISA_USAGE = YES_ERROR;
				CLANG_WARN_DOCUMENTATION_COMMENTS = YES;
				CLANG_WARN_EMPTY_BODY = YES;
				CLANG_WARN_ENUM_CONVERSION = YES;
				CLANG_WARN_INFINITE_RECURSION = YES;
				CLANG_WARN_INT_CONVERSION = YES;
				CLANG_WARN_NON_LITERAL_NULL_CONVERSION = YES;
				CLANG_WARN_OBJC_IMPLICIT_RETAIN_SELF = YES;
				CLANG_WARN_OBJC_LITERAL_CONVERSION = YES;
				CLANG_WARN_OBJC_ROOT_CLASS = YES_ERROR;
				CLANG_WARN_QUOTED_INCLUDE_IN_FRAMEWORK_HEADER = YES;
				CLANG_WARN_RANGE_LOOP_ANALYSIS = YES;
				CLANG_WARN_STRICT_PROTOTYPES = YES;
				CLANG_WARN_SUSPICIOUS_MOVE = YES;
				CLANG_WARN_UNGUARDED_AVAILABILITY = YES_AGGRESSIVE;
				CLANG_WARN_UNREACHABLE_CODE = YES;
				CLANG_WARN__DUPLICATE_METHOD_MATCH = YES;
				COPY_PHASE_STRIP = NO;
				DEBUG_INFORMATION_FORMAT = "dwarf-with-dsym";
				ENABLE_NS_ASSERTIONS = NO;
				ENABLE_STRICT_OBJC_MSGSEND = YES;
				GCC_C_LANGUAGE_STANDARD = gnu11;
				GCC_NO_COMMON_BLOCKS = YES;
				GCC_WARN_64_TO_32_BIT_CONVERSION = YES;
				GCC_WARN_ABOUT_RETURN_TYPE = YES_ERROR;
				GCC_WARN_UNDECLARED_SELECTOR = YES;
				GCC_WARN_UNINITIALIZED_AUTOS = YES_AGGRESSIVE;
				GCC_WARN_UNUSED_FUNCTION = YES;
				GCC_WARN_UNUSED_VARIABLE = YES;
				MACOSX_DEPLOYMENT_TARGET = 14.0;
				MTL_ENABLE_DEBUG_INFO = NO;
				MTL_FAST_MATH = YES;
				PRODUCT_NAME = "$(TARGET_NAME)";
				SDKROOT = macosx;
				SWIFT_COMPILATION_MODE = wholemodule;
				SWIFT_OPTIMIZATION_LEVEL = "-O";
				SWIFT_VERSION = 5.0;
			};
			name = Release;
		};
		2CBB79778286F5ADA3E520A5 /* Debug */ = {
			isa = XCBuildConfiguration;
			buildSettings = {
				ALWAYS_SEARCH_USER_PATHS = NO;
				CLANG_ANALYZER_NONNULL = YES;
				CLANG_ANALYZER_NUMBER_OBJECT_CONVERSION = YES_AGGRESSIVE;
				CLANG_CXX_LANGUAGE_STANDARD = "gnu++14";
				CLANG_CXX_LIBRARY = "libc++";
				CLANG_ENABLE_MODULES = YES;
				CLANG_ENABLE_OBJC_ARC = YES;
				CLANG_ENABLE_OBJC_WEAK = YES;
				CLANG_WARN_BLOCK_CAPTURE_AUTORELEASING = YES;
				CLANG_WARN_BOOL_CONVERSION = YES;
				CLANG_WARN_COMMA = YES;
				CLANG_WARN_CONSTANT_CONVERSION = YES;
				CLANG_WARN_DEPRECATED_OBJC_IMPLEMENTATIONS = YES;
				CLANG_WARN_DIRECT_OBJC_ISA_USAGE = YES_ERROR;
				CLANG_WARN_DOCUMENTATION_COMMENTS = YES;
				CLANG_WARN_EMPTY_BODY = YES;
				CLANG_WARN_ENUM_CONVERSION = YES;
				CLANG_WARN_INFINITE_RECURSION = YES;
				CLANG_WARN_INT_CONVERSION = YES;
				CLANG_WARN_NON_LITERAL_NULL_CONVERSION = YES;
				CLANG_WARN_OBJC_IMPLICIT_RETAIN_SELF = YES;
				CLANG_WARN_OBJC_LITERAL_CONVERSION = YES;
				CLANG_WARN_OBJC_ROOT_CLASS = YES_ERROR;
				CLANG_WARN_QUOTED_INCLUDE_IN_FRAMEWORK_HEADER = YES;
				CLANG_WARN_RANGE_LOOP_ANALYSIS = YES;
				CLANG_WARN_STRICT_PROTOTYPES = YES;
				CLANG_WARN_SUSPICIOUS_MOVE = YES;
				CLANG_WARN_UNGUARDED_AVAILABILITY = YES_AGGRESSIVE;
				CLANG_WARN_UNREACHABLE_CODE = YES;
				CLANG_WARN__DUPLICATE_METHOD_MATCH = YES;
				COPY_PHASE_STRIP = NO;
				DEBUG_INFORMATION_FORMAT = dwarf;
				ENABLE_STRICT_OBJC_MSGSEND = YES;
				ENABLE_TESTABILITY = YES;
				GCC_C_LANGUAGE_STANDARD = gnu11;
				GCC_DYNAMIC_NO_PIC = NO;
				GCC_NO_COMMON_BLOCKS = YES;
				GCC_OPTIMIZATION_LEVEL = 0;
				GCC_PREPROCESSOR_DEFINITIONS = (
					"$(inherited)",
					"DEBUG=1",
				);
				GCC_WARN_64_TO_32_BIT_CONVERSION = YES;
				GCC_WARN_ABOUT_RETURN_TYPE = YES_ERROR;
				GCC_WARN_UNDECLARED_SELECTOR = YES;
				GCC_WARN_UNINITIALIZED_AUTOS = YES_AGGRESSIVE;
				GCC_WARN_UNUSED_FUNCTION = YES;
				GCC_WARN_UNUSED_VARIABLE = YES;
				MACOSX_DEPLOYMENT_TARGET = 14.0;
				MTL_ENABLE_DEBUG_INFO = INCLUDE_SOURCE;
				MTL_FAST_MATH = YES;
				ONLY_ACTIVE_ARCH = YES;
				PRODUCT_NAME = "$(TARGET_NAME)";
				SDKROOT = macosx;
				SWIFT_ACTIVE_COMPILATION_CONDITIONS = DEBUG;
				SWIFT_OPTIMIZATION_LEVEL = "-Onone";
				SWIFT_VERSION = 5.0;
			};
			name = Debug;
		};
		9B719F00EA1C2202995119DE /* Debug */ = {
			isa = XCBuildConfiguration;
			buildSettings = {
				ASSETCATALOG_COMPILER_APPICON_NAME = AppIcon;
				CODE_SIGN_IDENTITY = "-";
				CODE_SIGN_STYLE = Automatic;
				COMBINE_HIDPI_IMAGES = YES;
				ENABLE_HARDENED_RUNTIME = YES;
				INFOPLIST_FILE = WireHack/Info.plist;
				INFOPLIST_KEY_CFBundleDisplayName = WireHack;
				LD_RUNPATH_SEARCH_PATHS = (
					"$(inherited)",
					"@executable_path/../Frameworks",
				);
				MACOSX_DEPLOYMENT_TARGET = 14.0;
				PRODUCT_BUNDLE_IDENTIFIER = io.github.sevmorris.WireHack;
				SDKROOT = macosx;
			};
			name = Debug;
		};
		B88D2370E6EAFCA5DE8EF92B /* Release */ = {
			isa = XCBuildConfiguration;
			buildSettings = {
				ASSETCATALOG_COMPILER_APPICON_NAME = AppIcon;
				CODE_SIGN_IDENTITY = "-";
				CODE_SIGN_STYLE = Automatic;
				COMBINE_HIDPI_IMAGES = YES;
				ENABLE_HARDENED_RUNTIME = YES;
				INFOPLIST_FILE = WireHack/Info.plist;
				INFOPLIST_KEY_CFBundleDisplayName = WireHack;
				LD_RUNPATH_SEARCH_PATHS = (
					"$(inherited)",
					"@executable_path/../Frameworks",
				);
				MACOSX_DEPLOYMENT_TARGET = 14.0;
				PRODUCT_BUNDLE_IDENTIFIER = io.github.sevmorris.WireHack;
				SDKROOT = macosx;
			};
			name = Release;
		};
/* End XCBuildConfiguration section */

/* Begin XCConfigurationList section */
		AEE433A6D9995D655CE2ACFF /* Build configuration list for PBXNativeTarget "WireHack" */ = {
			isa = XCConfigurationList;
			buildConfigurations = (
				9B719F00EA1C2202995119DE /* Debug */,
				B88D2370E6EAFCA5DE8EF92B /* Release */,
			);
			defaultConfigurationIsVisible = 0;
			defaultConfigurationName = Debug;
		};
		E2C20808CA126B7625523B23 /* Build configuration list for PBXProject "WireHack" */ = {
			isa = XCConfigurationList;
			buildConfigurations = (
				2CBB79778286F5ADA3E520A5 /* Debug */,
				18433A47EAB48CA496BFDB17 /* Release */,
			);
			defaultConfigurationIsVisible = 0;
			defaultConfigurationName = Debug;
		};
/* End XCConfigurationList section */
	};
	rootObject = EB173EF6C7A8428E1C78D364 /* Project object */;
}
